{
  "nodes": {
    "godot": {
      "flake": false,
      "locked": {
        "lastModified": 1667635276,
        "narHash": "sha256-Y5MjKRbuDnkYoMzvPN4b8v3FZQxAlVs0a5mtqRbnJCg=",
        "owner": "godotengine",
        "repo": "godot",
        "rev": "6882890a34528e056f13020798f4a473046990bb",
        "type": "github"
      },
      "original": {
        "owner": "godotengine",
        "repo": "godot",
        "type": "github"
      }
    },
    "godot-cpp": {
      "flake": false,
      "locked": {
        "lastModified": 1667549542,
        "narHash": "sha256-z2koL42rA4aNfiJ9xpdHr+qR+Uvaujmz82WZiYGZhrg=",
        "owner": "godotengine",
        "repo": "godot-cpp",
        "rev": "73ad6717e907ab24a5c5550f518eda53092c4495",
        "type": "github"
      },
      "original": {
        "owner": "godotengine",
        "repo": "godot-cpp",
        "type": "github"
      }
    },
    "godot-flake": {
      "inputs": {
        "godot": "godot",
        "godot-cpp": "godot-cpp",
        "nixpkgs": [
          "nixpkgs"
        ]
      },
      "locked": {
        "lastModified": 1667668564,
        "narHash": "sha256-saRfuJEfOhO1ZYeBvEhc8SAfQwmZz3GQKR7+1t5d8EQ=",
        "owner": "MadMcCrow",
        "repo": "Godot-Flake",
        "rev": "1efa87f73b18481fb3ee3a14992be7544a293daa",
        "type": "github"
      },
      "original": {
        "owner": "MadMcCrow",
        "repo": "Godot-Flake",
        "type": "github"
      }
    },
    "nixpkgs": {
      "locked": {
        "lastModified": 1667482890,
        "narHash": "sha256-pua0jp87iwN7NBY5/ypx0s9L9CG49Ju/NI4wGwurHc4=",
        "path": "/nix/store/brqf6qdrsq5s3k0siv47wbgrgz1i9dxz-source",
        "rev": "a2a777538d971c6b01c6e54af89ddd6567c055e8",
        "type": "path"
      },
      "original": {
        "id": "nixpkgs",
        "type": "indirect"
      }
    },
    "root": {
      "inputs": {
        "godot-flake": "godot-flake",
        "nixpkgs": "nixpkgs"
      }
    }
  },
  "root": "root",
  "version": 7
}
